
Microsoft Visual Studio Solution File, Format Version 12.00
# Visual Studio Version 17
VisualStudioVersion = 17.3.32825.248
MinimumVisualStudioVersion = 10.0.40219.1
Project("{FAE04EC0-301F-11D3-BF4B-00C04F79EFBC}") = "Anketa", "Anketa\Anketa.csproj", "{271AFD58-28D9-4EFC-B2C4-B0F1C36B4C89}"
EndProject
Global
	GlobalSection(SolutionConfigurationPlatforms) = preSolution
		Debug|Any CPU = Debug|Any CPU
		Release|Any CPU = Release|Any CPU
	EndGlobalSection
	GlobalSection(ProjectConfigurationPlatforms) = postSolution
		{271AFD58-28D9-4EFC-B2C4-B0F1C36B4C89}.Debug|Any CPU.ActiveCfg = Debug|Any CPU
		{271AFD58-28D9-4EFC-B2C4-B0F1C36B4C89}.Debug|Any CPU.Build.0 = Debug|Any CPU
		{271AFD58-28D9-4EFC-B2C4-B0F1C36B4C89}.Release|Any CPU.ActiveCfg = Release|Any CPU
		{271AFD58-28D9-4EFC-B2C4-B0F1C36B4C89}.Release|Any CPU.Build.0 = Release|Any CPU
	EndGlobalSection
	GlobalSection(SolutionProperties) = preSolution
		HideSolutionNode = FALSE
	EndGlobalSection
	GlobalSection(ExtensibilityGlobals) = postSolution
		SolutionGuid = {5D785301-C8CC-4696-84C4-607FE455BA5B}
	EndGlobalSection
EndGlobal
